
Microsoft Visual Studio Solution File, Format Version 12.00
# Visual Studio 2015
Project("{FAE04EC0-301F-11D3-BF4B-00C04F79EFBC}") = "UnityVS.BPClient.CSharp", "UnityVS.BPClient.CSharp.csproj", "{4154DE1A-AD14-5E5C-1661-E3C5AA95644B}"
EndProject
Project("{FAE04EC0-301F-11D3-BF4B-00C04F79EFBC}") = "UnityVS.BPClient.CSharp.Editor", "UnityVS.BPClient.CSharp.Editor.csproj", "{54048963-9BC5-CB23-1215-40C93EBDDAD3}"
EndProject
Global
	GlobalSection(SolutionConfigurationPlatforms) = preSolution
		Debug|Any CPU = Debug|Any CPU
		Release|Any CPU = Release|Any CPU
	EndGlobalSection
	GlobalSection(ProjectConfigurationPlatforms) = postSolution
		{4154DE1A-AD14-5E5C-1661-E3C5AA95644B}.Debug|Any CPU.ActiveCfg = Debug|Any CPU
		{4154DE1A-AD14-5E5C-1661-E3C5AA95644B}.Debug|Any CPU.Build.0 = Debug|Any CPU
		{4154DE1A-AD14-5E5C-1661-E3C5AA95644B}.Release|Any CPU.ActiveCfg = Release|Any CPU
		{4154DE1A-AD14-5E5C-1661-E3C5AA95644B}.Release|Any CPU.Build.0 = Release|Any CPU
		{54048963-9BC5-CB23-1215-40C93EBDDAD3}.Debug|Any CPU.ActiveCfg = Debug|Any CPU
		{54048963-9BC5-CB23-1215-40C93EBDDAD3}.Debug|Any CPU.Build.0 = Debug|Any CPU
		{54048963-9BC5-CB23-1215-40C93EBDDAD3}.Release|Any CPU.ActiveCfg = Release|Any CPU
		{54048963-9BC5-CB23-1215-40C93EBDDAD3}.Release|Any CPU.Build.0 = Release|Any CPU
	EndGlobalSection
	GlobalSection(SolutionProperties) = preSolution
		HideSolutionNode = FALSE
	EndGlobalSection
EndGlobal
